
Microsoft Visual Studio Solution File, Format Version 12.00
# Visual Studio Version 16
VisualStudioVersion = 16.0.30503.244
MinimumVisualStudioVersion = 10.0.40219.1
Project("{9A19103F-16F7-4668-BE54-9A1E7A4F7556}") = "moviebrowser", "moviebrowser\moviebrowser.csproj", "{8EF689A4-95F1-4974-8519-2E0B062414EE}"
EndProject
Project("{FAE04EC0-301F-11D3-BF4B-00C04F79EFBC}") = "libs", "libs\libs.csproj", "{EF37D5FD-44E8-4297-8FAC-943459464BAE}"
EndProject
Project("{FAE04EC0-301F-11D3-BF4B-00C04F79EFBC}") = "tests", "tests\tests.csproj", "{AFFE7BA8-E31B-4BCD-9ECD-4CB444B09A28}"
EndProject
Global
	GlobalSection(SolutionConfigurationPlatforms) = preSolution
		Debug|Any CPU = Debug|Any CPU
		Release|Any CPU = Release|Any CPU
	EndGlobalSection
	GlobalSection(ProjectConfigurationPlatforms) = postSolution
		{8EF689A4-95F1-4974-8519-2E0B062414EE}.Debug|Any CPU.ActiveCfg = Debug|Any CPU
		{8EF689A4-95F1-4974-8519-2E0B062414EE}.Debug|Any CPU.Build.0 = Debug|Any CPU
		{8EF689A4-95F1-4974-8519-2E0B062414EE}.Release|Any CPU.ActiveCfg = Release|Any CPU
		{8EF689A4-95F1-4974-8519-2E0B062414EE}.Release|Any CPU.Build.0 = Release|Any CPU
		{EF37D5FD-44E8-4297-8FAC-943459464BAE}.Debug|Any CPU.ActiveCfg = Debug|Any CPU
		{EF37D5FD-44E8-4297-8FAC-943459464BAE}.Debug|Any CPU.Build.0 = Debug|Any CPU
		{EF37D5FD-44E8-4297-8FAC-943459464BAE}.Release|Any CPU.ActiveCfg = Release|Any CPU
		{EF37D5FD-44E8-4297-8FAC-943459464BAE}.Release|Any CPU.Build.0 = Release|Any CPU
		{AFFE7BA8-E31B-4BCD-9ECD-4CB444B09A28}.Debug|Any CPU.ActiveCfg = Debug|Any CPU
		{AFFE7BA8-E31B-4BCD-9ECD-4CB444B09A28}.Debug|Any CPU.Build.0 = Debug|Any CPU
		{AFFE7BA8-E31B-4BCD-9ECD-4CB444B09A28}.Release|Any CPU.ActiveCfg = Release|Any CPU
		{AFFE7BA8-E31B-4BCD-9ECD-4CB444B09A28}.Release|Any CPU.Build.0 = Release|Any CPU
	EndGlobalSection
	GlobalSection(SolutionProperties) = preSolution
		HideSolutionNode = FALSE
	EndGlobalSection
	GlobalSection(ExtensibilityGlobals) = postSolution
		SolutionGuid = {45287C38-DA8F-4232-9DFE-9730404DE1DD}
	EndGlobalSection
EndGlobal
